// !$*UTF8*$!
{
	archiveVersion = 1;
	classes = {
	};
	objectVersion = 46;
	objects = {

/* Begin PBXBuildFile section */
		FD7957851ECD25540070C458 /* AppDelegate.swift in Sources */ = {isa = PBXBuildFile; fileRef = FD7957841ECD25540070C458 /* AppDelegate.swift */; };
		FD7957871ECD25540070C458 /* ViewController.swift in Sources */ = {isa = PBXBuildFile; fileRef = FD7957861ECD25540070C458 /* ViewController.swift */; };
		FD79578A1ECD25540070C458 /* Main.storyboard in Resources */ = {isa = PBXBuildFile; fileRef = FD7957881ECD25540070C458 /* Main.storyboard */; };
		FD79578C1ECD25540070C458 /* Assets.xcassets in Resources */ = {isa = PBXBuildFile; fileRef = FD79578B1ECD25540070C458 /* Assets.xcassets */; };
		FD79578F1ECD25540070C458 /* LaunchScreen.storyboard in Resources */ = {isa = PBXBuildFile; fileRef = FD79578D1ECD25540070C458 /* LaunchScreen.storyboard */; };
		FD7957971ECD30720070C458 /* TableViewController.swift in Sources */ = {isa = PBXBuildFile; fileRef = FD7957961ECD30720070C458 /* TableViewController.swift */; };
/* End PBXBuildFile section */

/* Begin PBXFileReference section */
		FD7957811ECD25540070C458 /* contadorApp.app */ = {isa = PBXFileReference; explicitFileType = wrapper.application; includeInIndex = 0; path = contadorApp.app; sourceTree = BUILT_PRODUCTS_DIR; };
		FD7957841ECD25540070C458 /* AppDelegate.swift */ = {isa = PBXFileReference; lastKnownFileType = sourcecode.swift; path = AppDelegate.swift; sourceTree = "<group>"; };
		FD7957861ECD25540070C458 /* ViewController.swift */ = {isa = PBXFileReference; lastKnownFileType = sourcecode.swift; path = ViewController.swift; sourceTree = "<group>"; };
		FD7957891ECD25540070C458 /* Base */ = {isa = PBXFileReference; lastKnownFileType = file.storyboard; name = Base; path = Base.lproj/Main.storyboard; sourceTree = "<group>"; };
		FD79578B1ECD25540070C458 /* Assets.xcassets */ = {isa = PBXFileReference; lastKnownFileType = folder.assetcatalog; path = Assets.xcassets; sourceTree = "<group>"; };
		FD79578E1ECD25540070C458 /* Base */ = {isa = PBXFileReference; lastKnownFileType = file.storyboard; name = Base; path = Base.lproj/LaunchScreen.storyboard; sourceTree = "<group>"; };
		FD7957901ECD25540070C458 /* Info.plist */ = {isa = PBXFileReference; lastKnownFileType = text.plist.xml; path = Info.plist; sourceTree = "<group>"; };
		FD7957961ECD30720070C458 /* TableViewController.swift */ = {isa = PBXFileReference; fileEncoding = 4; lastKnownFileType = sourcecode.swift; path = TableViewController.swift; sourceTree = "<group>"; };
/* End PBXFileReference section */

/* Begin PBXFrameworksBuildPhase section */
		FD79577E1ECD25530070C458 /* Frameworks */ = {
			isa = PBXFrameworksBuildPhase;
			buildActionMask = 2147483647;
			files = (
			);
			runOnlyForDeploymentPostprocessing = 0;
		};
/* End PBXFrameworksBuildPhase section */

/* Begin PBXGroup section */
		FD7957781ECD25530070C458 = {
			isa = PBXGroup;
			children = (
				FD7957831ECD25540070C458 /* contadorApp */,
				FD7957821ECD25540070C458 /* Products */,
			);
			sourceTree = "<group>";
		};
		FD7957821ECD25540070C458 /* Products */ = {
			isa = PBXGroup;
			children = (
				FD7957811ECD25540070C458 /* contadorApp.app */,
			);
			name = Products;
			sourceTree = "<group>";
		};
		FD7957831ECD25540070C458 /* contadorApp */ = {
			isa = PBXGroup;
			children = (
				FD7957841ECD25540070C458 /* AppDelegate.swift */,
				FD7957861ECD25540070C458 /* ViewController.swift */,
				FD7957961ECD30720070C458 /* TableViewController.swift */,
				FD7957881ECD25540070C458 /* Main.storyboard */,
				FD79578B1ECD25540070C458 /* Assets.xcassets */,
				FD79578D1ECD25540070C458 /* LaunchScreen.storyboard */,
				FD7957901ECD25540070C458 /* Info.plist */,
			);
			path = contadorApp;
			sourceTree = "<group>";
		};
/* End PBXGroup section */

/* Begin PBXNativeTarget section */
		FD7957801ECD25530070C458 /* contadorApp */ = {
			isa = PBXNativeTarget;
			buildConfigurationList = FD7957931ECD25540070C458 /* Build configuration list for PBXNativeTarget "contadorApp" */;
			buildPhases = (
				FD79577D1ECD25530070C458 /* Sources */,
				FD79577E1ECD25530070C458 /* Frameworks */,
				FD79577F1ECD25530070C458 /* Resources */,
			);
			buildRules = (
			);
			dependencies = (
			);
			name = contadorApp;
			productName = contadorApp;
			productReference = FD7957811ECD25540070C458 /* contadorApp.app */;
			productType = "com.apple.product-type.application";
		};
/* End PBXNativeTarget section */

/* Begin PBXProject section */
		FD7957791ECD25530070C458 /* Project object */ = {
			isa = PBXProject;
			attributes = {
				LastSwiftUpdateCheck = 0830;
				LastUpgradeCheck = 0830;
				ORGANIZATIONNAME = "Marco Del Angel";
				TargetAttributes = {
					FD7957801ECD25530070C458 = {
						CreatedOnToolsVersion = 8.3.2;
						DevelopmentTeam = 7F57CHRFYP;
						ProvisioningStyle = Automatic;
					};
				};
			};
			buildConfigurationList = FD79577C1ECD25530070C458 /* Build configuration list for PBXProject "contadorApp" */;
			compatibilityVersion = "Xcode 3.2";
			developmentRegion = English;
			hasScannedForEncodings = 0;
			knownRegions = (
				en,
				Base,
			);
			mainGroup = FD7957781ECD25530070C458;
			productRefGroup = FD7957821ECD25540070C458 /* Products */;
			projectDirPath = "";
			projectRoot = "";
			targets = (
				FD7957801ECD25530070C458 /* contadorApp */,
			);
		};
/* End PBXProject section */

/* Begin PBXResourcesBuildPhase section */
		FD79577F1ECD25530070C458 /* Resources */ = {
			isa = PBXResourcesBuildPhase;
			buildActionMask = 2147483647;
			files = (
				FD79578F1ECD25540070C458 /* LaunchScreen.storyboard in Resources */,
				FD79578C1ECD25540070C458 /* Assets.xcassets in Resources */,
				FD79578A1ECD25540070C458 /* Main.storyboard in Resources */,
			);
			runOnlyForDeploymentPostprocessing = 0;
		};
/* End PBXResourcesBuildPhase section */

/* Begin PBXSourcesBuildPhase section */
		FD79577D1ECD25530070C458 /* Sources */ = {
			isa = PBXSourcesBuildPhase;
			buildActionMask = 2147483647;
			files = (
				FD7957871ECD25540070C458 /* ViewController.swift in Sources */,
				FD7957971ECD30720070C458 /* TableViewController.swift in Sources */,
				FD7957851ECD25540070C458 /* AppDelegate.swift in Sources */,
			);
			runOnlyForDeploymentPostprocessing = 0;
		};
/* End PBXSourcesBuildPhase section */

/* Begin PBXVariantGroup section */
		FD7957881ECD25540070C458 /* Main.storyboard */ = {
			isa = PBXVariantGroup;
			children = (
				FD7957891ECD25540070C458 /* Base */,
			);
			name = Main.storyboard;
			sourceTree = "<group>";
		};
		FD79578D1ECD25540070C458 /* LaunchScreen.storyboard */ = {
			isa = PBXVariantGroup;
			children = (
				FD79578E1ECD25540070C458 /* Base */,
			);
			name = LaunchScreen.storyboard;
			sourceTree = "<group>";
		};
/* End PBXVariantGroup section */

/* Begin XCBuildConfiguration section */
		FD7957911ECD25540070C458 /* Debug */ = {
			isa = XCBuildConfiguration;
			buildSettings = {
				ALWAYS_SEARCH_USER_PATHS = NO;
				CLANG_ANALYZER_NONNULL = YES;
				CLANG_ANALYZER_NUMBER_OBJECT_CONVERSION = YES_AGGRESSIVE;
				CLANG_CXX_LANGUAGE_STANDARD = "gnu++0x";
				CLANG_CXX_LIBRARY = "libc++";
				CLANG_ENABLE_MODULES = YES;
				CLANG_ENABLE_OBJC_ARC = YES;
				CLANG_WARN_BOOL_CONVERSION = YES;
				CLANG_WARN_CONSTANT_CONVERSION = YES;
				CLANG_WARN_DIRECT_OBJC_ISA_USAGE = YES_ERROR;
				CLANG_WARN_DOCUMENTATION_COMMENTS = YES;
				CLANG_WARN_EMPTY_BODY = YES;
				CLANG_WARN_ENUM_CONVERSION = YES;
				CLANG_WARN_INFINITE_RECURSION = YES;
				CLANG_WARN_INT_CONVERSION = YES;
				CLANG_WARN_OBJC_ROOT_CLASS = YES_ERROR;
				CLANG_WARN_SUSPICIOUS_MOVE = YES;
				CLANG_WARN_UNREACHABLE_CODE = YES;
				CLANG_WARN__DUPLICATE_METHOD_MATCH = YES;
				"CODE_SIGN_IDENTITY[sdk=iphoneos*]" = "iPhone Developer";
				COPY_PHASE_STRIP = NO;
				DEBUG_INFORMATION_FORMAT = dwarf;
				ENABLE_STRICT_OBJC_MSGSEND = YES;
				ENABLE_TESTABILITY = YES;
				GCC_C_LANGUAGE_STANDARD = gnu99;
				GCC_DYNAMIC_NO_PIC = NO;
				GCC_NO_COMMON_BLOCKS = YES;
				GCC_OPTIMIZATION_LEVEL = 0;
				GCC_PREPROCESSOR_DEFINITIONS = (
					"DEBUG=1",
					"$(inherited)",
				);
				GCC_WARN_64_TO_32_BIT_CONVERSION = YES;
				GCC_WARN_ABOUT_RETURN_TYPE = YES_ERROR;
				GCC_WARN_UNDECLARED_SELECTOR = YES;
				GCC_WARN_UNINITIALIZED_AUTOS = YES_AGGRESSIVE;
				GCC_WARN_UNUSED_FUNCTION = YES;
				GCC_WARN_UNUSED_VARIABLE = YES;
				IPHONEOS_DEPLOYMENT_TARGET = 10.3;
				MTL_ENABLE_DEBUG_INFO = YES;
				ONLY_ACTIVE_ARCH = YES;
				SDKROOT = iphoneos;
				SWIFT_ACTIVE_COMPILATION_CONDITIONS = DEBUG;
				SWIFT_OPTIMIZATION_LEVEL = "-Onone";
			};
			name = Debug;
		};
		FD7957921ECD25540070C458 /* Release */ = {
			isa = XCBuildConfiguration;
			buildSettings = {
				ALWAYS_SEARCH_USER_PATHS = NO;
				CLANG_ANALYZER_NONNULL = YES;
				CLANG_ANALYZER_NUMBER_OBJECT_CONVERSION = YES_AGGRESSIVE;
				CLANG_CXX_LANGUAGE_STANDARD = "gnu++0x";
				CLANG_CXX_LIBRARY = "libc++";
				CLANG_ENABLE_MODULES = YES;
				CLANG_ENABLE_OBJC_ARC = YES;
				CLANG_WARN_BOOL_CONVERSION = YES;
				CLANG_WARN_CONSTANT_CONVERSION = YES;
				CLANG_WARN_DIRECT_OBJC_ISA_USAGE = YES_ERROR;
				CLANG_WARN_DOCUMENTATION_COMMENTS = YES;
				CLANG_WARN_EMPTY_BODY = YES;
				CLANG_WARN_ENUM_CONVERSION = YES;
				CLANG_WARN_INFINITE_RECURSION = YES;
				CLANG_WARN_INT_CONVERSION = YES;
				CLANG_WARN_OBJC_ROOT_CLASS = YES_ERROR;
				CLANG_WARN_SUSPICIOUS_MOVE = YES;
				CLANG_WARN_UNREACHABLE_CODE = YES;
				CLANG_WARN__DUPLICATE_METHOD_MATCH = YES;
				"CODE_SIGN_IDENTITY[sdk=iphoneos*]" = "iPhone Developer";
				COPY_PHASE_STRIP = NO;
				DEBUG_INFORMATION_FORMAT = "dwarf-with-dsym";
				ENABLE_NS_ASSERTIONS = NO;
				ENABLE_STRICT_OBJC_MSGSEND = YES;
				GCC_C_LANGUAGE_STANDARD = gnu99;
				GCC_NO_COMMON_BLOCKS = YES;
				GCC_WARN_64_TO_32_BIT_CONVERSION = YES;
				GCC_WARN_ABOUT_RETURN_TYPE = YES_ERROR;
				GCC_WARN_UNDECLARED_SELECTOR = YES;
				GCC_WARN_UNINITIALIZED_AUTOS = YES_AGGRESSIVE;
				GCC_WARN_UNUSED_FUNCTION = YES;
				GCC_WARN_UNUSED_VARIABLE = YES;
				IPHONEOS_DEPLOYMENT_TARGET = 10.3;
				MTL_ENABLE_DEBUG_INFO = NO;
				SDKROOT = iphoneos;
				SWIFT_OPTIMIZATION_LEVEL = "-Owholemodule";
				VALIDATE_PRODUCT = YES;
			};
			name = Release;
		};
		FD7957941ECD25540070C458 /* Debug */ = {
			isa = XCBuildConfiguration;
			buildSettings = {
				ASSETCATALOG_COMPILER_APPICON_NAME = AppIcon;
				DEVELOPMENT_TEAM = 7F57CHRFYP;
				INFOPLIST_FILE = contadorApp/Info.plist;
				LD_RUNPATH_SEARCH_PATHS = "$(inherited) @executable_path/Frameworks";
				PRODUCT_BUNDLE_IDENTIFIER = DPP.contadorApp;
				PRODUCT_NAME = "$(TARGET_NAME)";
				SWIFT_VERSION = 3.0;
			};
			name = Debug;
		};
		FD7957951ECD25540070C458 /* Release */ = {
			isa = XCBuildConfiguration;
			buildSettings = {
				ASSETCATALOG_COMPILER_APPICON_NAME = AppIcon;
				DEVELOPMENT_TEAM = 7F57CHRFYP;
				INFOPLIST_FILE = contadorApp/Info.plist;
				LD_RUNPATH_SEARCH_PATHS = "$(inherited) @executable_path/Frameworks";
				PRODUCT_BUNDLE_IDENTIFIER = DPP.contadorApp;
				PRODUCT_NAME = "$(TARGET_NAME)";
				SWIFT_VERSION = 3.0;
			};
			name = Release;
		};
/* End XCBuildConfiguration section */

/* Begin XCConfigurationList section */
		FD79577C1ECD25530070C458 /* Build configuration list for PBXProject "contadorApp" */ = {
			isa = XCConfigurationList;
			buildConfigurations = (
				FD7957911ECD25540070C458 /* Debug */,
				FD7957921ECD25540070C458 /* Release */,
			);
			defaultConfigurationIsVisible = 0;
			defaultConfigurationName = Release;
		};
		FD7957931ECD25540070C458 /* Build configuration list for PBXNativeTarget "contadorApp" */ = {
			isa = XCConfigurationList;
			buildConfigurations = (
				FD7957941ECD25540070C458 /* Debug */,
				FD7957951ECD25540070C458 /* Release */,
			);
			defaultConfigurationIsVisible = 0;
		};
/* End XCConfigurationList section */
	};
	rootObject = FD7957791ECD25530070C458 /* Project object */;
}
